{
  "version": "5",
  "specifiers": {
    "jsr:@404wolf/xdg-portable@*": "0.1.0",
    "jsr:@404wolf/xdg-portable@0.1": "0.1.0",
    "jsr:@cliffy/ansi@^1.0.0-rc.8": "1.0.0-rc.8",
    "jsr:@cliffy/command@^1.0.0-rc.8": "1.0.0-rc.8",
    "jsr:@cliffy/flags@1.0.0-rc.8": "1.0.0-rc.8",
    "jsr:@cliffy/internal@1.0.0-rc.8": "1.0.0-rc.8",
    "jsr:@cliffy/table@1.0.0-rc.8": "1.0.0-rc.8",
    "jsr:@david/console-static-text@0.3": "0.3.0",
    "jsr:@david/dax@*": "0.43.2",
    "jsr:@david/dax@~0.43.2": "0.43.2",
    "jsr:@david/path@0.2": "0.2.0",
    "jsr:@david/which@~0.4.1": "0.4.1",
    "jsr:@std/async@*": "1.0.13",
    "jsr:@std/bytes@^1.0.5": "1.0.6",
    "jsr:@std/encoding@~1.0.5": "1.0.10",
    "jsr:@std/fmt@1": "1.0.8",
    "jsr:@std/fmt@~1.0.2": "1.0.8",
    "jsr:@std/fs@1": "1.0.19",
    "jsr:@std/internal@^1.0.9": "1.0.9",
    "jsr:@std/io@0.225": "0.225.2",
    "jsr:@std/io@~0.224.9": "0.224.9",
    "jsr:@std/path@*": "1.1.1",
    "jsr:@std/path@1": "1.1.1",
    "jsr:@std/path@^1.0.8": "1.1.1",
    "jsr:@std/path@^1.1.1": "1.1.1",
    "jsr:@std/text@~1.0.7": "1.0.15",
    "npm:@napi-rs/keyring@^1.1.8": "1.1.8",
    "npm:@terascope/fetch-github-release@*": "2.2.1_progress@2.0.3",
    "npm:@types/node@*": "22.15.15",
    "npm:obs-websocket-js@*": "5.0.6_ws@8.18.3",
    "npm:patchright@*": "1.52.5",
    "npm:patchright@^1.52.5": "1.52.5"
  },
  "jsr": {
    "@404wolf/xdg-portable@0.1.0": {
      "integrity": "3a54d193601165deede0f84ab0a3e731ad8a1707ac4efa93c2a3db51ff270247",
      "dependencies": [
        "jsr:@std/path@^1.0.8"
      ]
    },
    "@cliffy/ansi@1.0.0-rc.8": {
      "integrity": "ba37f10ce55bbfbdd8ddd987f91f029b17bce88385b98ba3058870f3b007b80c",
      "dependencies": [
        "jsr:@cliffy/internal",
        "jsr:@std/encoding",
        "jsr:@std/fmt@~1.0.2",
        "jsr:@std/io@~0.224.9"
      ]
    },
    "@cliffy/command@1.0.0-rc.8": {
      "integrity": "758147790797c74a707e5294cc7285df665422a13d2a483437092ffce40b5557",
      "dependencies": [
        "jsr:@cliffy/flags",
        "jsr:@cliffy/internal",
        "jsr:@cliffy/table",
        "jsr:@std/fmt@~1.0.2",
        "jsr:@std/text"
      ]
    },
    "@cliffy/flags@1.0.0-rc.8": {
      "integrity": "0f1043ce6ef037ba1cb5fe6b1bcecb25dc2f29371a1c17f278ab0f45e4b6f46c",
      "dependencies": [
        "jsr:@std/text"
      ]
    },
    "@cliffy/internal@1.0.0-rc.8": {
      "integrity": "34cdf2fad9b084b5aed493b138d573f52d4e988767215f7460daf0b918ff43d8"
    },
    "@cliffy/table@1.0.0-rc.8": {
      "integrity": "8bbcdc2ba5e0061b4b13810a24e6f5c6ab19c09f0cce9eb691ccd76c7c6c9db5",
      "dependencies": [
        "jsr:@std/fmt@~1.0.2"
      ]
    },
    "@david/console-static-text@0.3.0": {
      "integrity": "2dfb46ecee525755f7989f94ece30bba85bd8ffe3e8666abc1bf926e1ee0698d"
    },
    "@david/dax@0.43.2": {
      "integrity": "8c7df175465d994c0e3568e3eb91102768c2f1c86d2a513d7fc4cab13f9cb328",
      "dependencies": [
        "jsr:@david/console-static-text",
        "jsr:@david/path",
        "jsr:@david/which",
        "jsr:@std/fmt@1",
        "jsr:@std/fs",
        "jsr:@std/io@0.225",
        "jsr:@std/path@1"
      ]
    },
    "@david/path@0.2.0": {
      "integrity": "f2d7aa7f02ce5a55e27c09f9f1381794acb09d328f8d3c8a2e3ab3ffc294dccd",
      "dependencies": [
        "jsr:@std/fs",
        "jsr:@std/path@1"
      ]
    },
    "@david/which@0.4.1": {
      "integrity": "896a682b111f92ab866cc70c5b4afab2f5899d2f9bde31ed00203b9c250f225e"
    },
    "@std/async@1.0.13": {
      "integrity": "1d76ca5d324aef249908f7f7fe0d39aaf53198e5420604a59ab5c035adc97c96"
    },
    "@std/bytes@1.0.6": {
      "integrity": "f6ac6adbd8ccd99314045f5703e23af0a68d7f7e58364b47d2c7f408aeb5820a"
    },
    "@std/encoding@1.0.10": {
      "integrity": "8783c6384a2d13abd5e9e87a7ae0520a30e9f56aeeaa3bdf910a3eaaf5c811a1"
    },
    "@std/fmt@1.0.8": {
      "integrity": "71e1fc498787e4434d213647a6e43e794af4fd393ef8f52062246e06f7e372b7"
    },
    "@std/fs@1.0.19": {
      "integrity": "051968c2b1eae4d2ea9f79a08a3845740ef6af10356aff43d3e2ef11ed09fb06",
      "dependencies": [
        "jsr:@std/internal",
        "jsr:@std/path@^1.1.1"
      ]
    },
    "@std/internal@1.0.9": {
      "integrity": "bdfb97f83e4db7a13e8faab26fb1958d1b80cc64366501af78a0aee151696eb8"
    },
    "@std/io@0.224.9": {
      "integrity": "4414664b6926f665102e73c969cfda06d2c4c59bd5d0c603fd4f1b1c840d6ee3"
    },
    "@std/io@0.225.2": {
      "integrity": "3c740cd4ee4c082e6cfc86458f47e2ab7cb353dc6234d5e9b1f91a2de5f4d6c7",
      "dependencies": [
        "jsr:@std/bytes"
      ]
    },
    "@std/path@1.1.1": {
      "integrity": "fe00026bd3a7e6a27f73709b83c607798be40e20c81dde655ce34052fd82ec76",
      "dependencies": [
        "jsr:@std/internal"
      ]
    },
    "@std/text@1.0.15": {
      "integrity": "91f5cc1e12779a3d95f1be34e763f9c28a75a078b7360e6fcaef0d8d9b1e3e7f"
    }
  },
  "npm": {
    "@msgpack/msgpack@2.8.0": {
      "integrity": "sha512-h9u4u/jiIRKbq25PM+zymTyW6bhTzELvOoUd+AvYriWOAKpLGnIamaET3pnHYoI5iYphAHBI4ayx0MehR+VVPQ=="
    },
    "@napi-rs/keyring-darwin-arm64@1.1.8": {
      "integrity": "sha512-zaieCiY+gEl8kR7tJrKMfOMDHyUDfJYlGvAgWX4WZOnpvWZ5E+F+KGzm8TMQKkipiGRJgP6aCiQAB8m3dSl5kw==",
      "os": ["darwin"],
      "cpu": ["arm64"]
    },
    "@napi-rs/keyring-darwin-x64@1.1.8": {
      "integrity": "sha512-aPVDt8S4jk/WCksoVQzyy74sbJ/C8AcvwSLKekMl6XBwJn+gyOPAWsxl0ct5qa3XKVNJFp1rTnshC9pXn37k7g==",
      "os": ["darwin"],
      "cpu": ["x64"]
    },
    "@napi-rs/keyring-freebsd-x64@1.1.8": {
      "integrity": "sha512-KHBygXZIi/JNPSKGavstgY3dIu74VAPtW3CI3zYYGXdrLiVKBLJIG0Q92ncjnzevSygx+vwr9wZ+aSyY9R5bTQ==",
      "os": ["freebsd"],
      "cpu": ["x64"]
    },
    "@napi-rs/keyring-linux-arm-gnueabihf@1.1.8": {
      "integrity": "sha512-LPt7gPCyILQ2VqMdXu/YUX8Y+1lsMLedMgsTSicuLDFC55vtA/gZSBiXo0z/Jxkxve32HzmP/TkA9qZoakCkxA==",
      "os": ["linux"],
      "cpu": ["arm"]
    },
    "@napi-rs/keyring-linux-arm64-gnu@1.1.8": {
      "integrity": "sha512-trc12/quEhURlaEXqxXIXX57ESpijKn41ijSg7FnYh/V8vNg9SKnGHeMzMAOLj8ePN/E10vGnCH/Dsifxlhbsg==",
      "os": ["linux"],
      "cpu": ["arm64"]
    },
    "@napi-rs/keyring-linux-arm64-musl@1.1.8": {
      "integrity": "sha512-mnUor/xjXrLbYRii+/qeH/vYldgDzaA9w2aZ588iHyzwHeBXe6fn4GlW7QWHAYF0Xnf6Ja6LTOmYaETbnbe+NQ==",
      "os": ["linux"],
      "cpu": ["arm64"]
    },
    "@napi-rs/keyring-linux-riscv64-gnu@1.1.8": {
      "integrity": "sha512-x3E5BYp7zUp7W8pciyB/ubDpjx8mkhGro0k5nyJYdr0UgxzVhHWFjUUKP0T9eF6S6zMmwQUz1VjPpPE6hZ9jlA==",
      "os": ["linux"],
      "cpu": ["riscv64"]
    },
    "@napi-rs/keyring-linux-x64-gnu@1.1.8": {
      "integrity": "sha512-qbo0PXvRhXvBYK6LZMUSgSY0z8MBNIMzzH6GHnwSGCeYU0kVNcLFvPzE5KMo3Iis0H+uozkC2Gzu2VDuVdL5jQ==",
      "os": ["linux"],
      "cpu": ["x64"]
    },
    "@napi-rs/keyring-linux-x64-musl@1.1.8": {
      "integrity": "sha512-AfAVQg1n/NEzhAtfqnTIXRBqI4ei3kUuknNxGJTPs5MA5L0MA+WK7pNnOt291/1yllspbHmF0Fj/QRojQESsQw==",
      "os": ["linux"],
      "cpu": ["x64"]
    },
    "@napi-rs/keyring-win32-arm64-msvc@1.1.8": {
      "integrity": "sha512-95AcaHZJrwHt0ZT452YgHoyaMrL+vSQoblz+IajL3g4q1gNimOFsXu/MekiXX2eo6tMMzR9IWC6hysw+Z2BKVQ==",
      "os": ["win32"],
      "cpu": ["arm64"]
    },
    "@napi-rs/keyring-win32-ia32-msvc@1.1.8": {
      "integrity": "sha512-V4FvTodwoi+W2wLQUOjm2lk7diuSFYZ2xHGKwH4kYOln29WcE3GXbBZAfs+LJNk1nnKeBj1mMqgq8/4tSUukhg==",
      "os": ["win32"],
      "cpu": ["ia32"]
    },
    "@napi-rs/keyring-win32-x64-msvc@1.1.8": {
      "integrity": "sha512-SUDyvwZW/GA2CqqtZnBb2+Z2e69E8bd6RNWDJX3NCvnZFQajXDjtY0qnyf6d3/RwElkVV091l5yWBHBlRHtTzA==",
      "os": ["win32"],
      "cpu": ["x64"]
    },
    "@napi-rs/keyring@1.1.8": {
      "integrity": "sha512-FZw+fuwhcNyZDpA7Eg3xjdQ0oKfcr/IWNfzrPqPd9+Ug85VsCnV1eQPDrIIzYNeYtAVvnXQQFp1umtaM+JVSfQ==",
      "optionalDependencies": [
        "@napi-rs/keyring-darwin-arm64",
        "@napi-rs/keyring-darwin-x64",
        "@napi-rs/keyring-freebsd-x64",
        "@napi-rs/keyring-linux-arm-gnueabihf",
        "@napi-rs/keyring-linux-arm64-gnu",
        "@napi-rs/keyring-linux-arm64-musl",
        "@napi-rs/keyring-linux-riscv64-gnu",
        "@napi-rs/keyring-linux-x64-gnu",
        "@napi-rs/keyring-linux-x64-musl",
        "@napi-rs/keyring-win32-arm64-msvc",
        "@napi-rs/keyring-win32-ia32-msvc",
        "@napi-rs/keyring-win32-x64-msvc"
      ]
    },
    "@sindresorhus/is@5.6.0": {
      "integrity": "sha512-TV7t8GKYaJWsn00tFDqBw8+Uqmr8A0fRU1tvTQhyZzGv0sJCGRQL3JGMI3ucuKo3XIZdUP+Lx7/gh2t3lewy7g=="
    },
    "@szmarczak/http-timer@5.0.1": {
      "integrity": "sha512-+PmQX0PiAYPMeVYe237LJAYvOMYW1j2rH5YROyS3b4CTVJum34HfRvKvAzozHAQG0TnHNdUfY9nCeUyRAs//cw==",
      "dependencies": [
        "defer-to-connect"
      ]
    },
    "@terascope/fetch-github-release@2.2.1_progress@2.0.3": {
      "integrity": "sha512-uMfcVqDRCOQ5ZfcC41jOgG2G61F3t9MVHNIIOZRr2CcgCQogYsvlwb7FG9MBJCWz9zvlR2KyNe9mDPYg0VtnIg==",
      "dependencies": [
        "extract-zip",
        "got",
        "multi-progress",
        "progress",
        "yargs"
      ],
      "bin": true
    },
    "@types/http-cache-semantics@4.0.4": {
      "integrity": "sha512-1m0bIFVc7eJWyve9S0RnuRgcQqF/Xd5QsUZAZeQFr1Q3/p9JWoQQEqmVy+DPTNpGXwhgIetAoYF8JSc33q29QA=="
    },
    "@types/node@22.15.15": {
      "integrity": "sha512-R5muMcZob3/Jjchn5LcO8jdKwSCbzqmPB6ruBxMcf9kbxtniZHP327s6C37iOfuw8mbKK3cAQa7sEl7afLrQ8A==",
      "dependencies": [
        "undici-types"
      ]
    },
    "@types/yauzl@2.10.3": {
      "integrity": "sha512-oJoftv0LSuaDZE3Le4DbKX+KS9G36NzOeSap90UIK0yMA/NhKJhqlSGtNDORNRaIbQfzjXDrQa0ytJ6mNRGz/Q==",
      "dependencies": [
        "@types/node"
      ]
    },
    "ansi-regex@5.0.1": {
      "integrity": "sha512-quJQXlTSUGL2LH9SUXo8VwsY4soanhgo6LNSm84E1LBcE8s3O0wpdiRzyR9z/ZZJMlMWv37qOOb9pdJlMUEKFQ=="
    },
    "ansi-styles@4.3.0": {
      "integrity": "sha512-zbB9rCJAT1rbjiVDb2hqKFHNYLxgtk8NURxZ3IZwD3F6NtxbXZQCnnSi1Lkx+IDohdPlFp222wVALIheZJQSEg==",
      "dependencies": [
        "color-convert"
      ]
    },
    "buffer-crc32@0.2.13": {
      "integrity": "sha512-VO9Ht/+p3SN7SKWqcrgEzjGbRSJYTx+Q1pTQC0wrWqHx0vpJraQ6GtHx8tvcg1rlK1byhU5gccxgOgj7B0TDkQ=="
    },
    "cacheable-lookup@7.0.0": {
      "integrity": "sha512-+qJyx4xiKra8mZrcwhjMRMUhD5NR1R8esPkzIYxX96JiecFoxAXFuz/GpR3+ev4PE1WamHip78wV0vcmPQtp8w=="
    },
    "cacheable-request@10.2.14": {
      "integrity": "sha512-zkDT5WAF4hSSoUgyfg5tFIxz8XQK+25W/TLVojJTMKBaxevLBBtLxgqguAuVQB8PVW79FVjHcU+GJ9tVbDZ9mQ==",
      "dependencies": [
        "@types/http-cache-semantics",
        "get-stream@6.0.1",
        "http-cache-semantics",
        "keyv",
        "mimic-response@4.0.0",
        "normalize-url",
        "responselike"
      ]
    },
    "cliui@8.0.1": {
      "integrity": "sha512-BSeNnyus75C4//NQ9gQt1/csTXyo/8Sb+afLAkzAptFuMsod9HFokGNudZpi/oQV73hnVK+sR+5PVRMd+Dr7YQ==",
      "dependencies": [
        "string-width",
        "strip-ansi",
        "wrap-ansi"
      ]
    },
    "color-convert@2.0.1": {
      "integrity": "sha512-RRECPsj7iu/xb5oKYcsFHSppFNnsj/52OVTRKb4zP5onXwVF3zVmmToNcOfGC+CRDpfK/U584fMg38ZHCaElKQ==",
      "dependencies": [
        "color-name"
      ]
    },
    "color-name@1.1.4": {
      "integrity": "sha512-dOy+3AuW3a2wNbZHIuMZpTcgjGuLU/uBL/ubcZF9OXbDo8ff4O8yVp5Bf0efS8uEoYo5q4Fx7dY9OgQGXgAsQA=="
    },
    "crypto-js@4.2.0": {
      "integrity": "sha512-KALDyEYgpY+Rlob/iriUtjV6d5Eq+Y191A5g4UqLAi8CyGP9N1+FdVbkc1SxKc2r4YAYqG8JzO2KGL+AizD70Q=="
    },
    "debug@4.4.1": {
      "integrity": "sha512-KcKCqiftBJcZr++7ykoDIEwSa3XWowTfNPo92BYxjXiyYEVrUQh2aLyhxBCwww+heortUFxEJYcRzosstTEBYQ==",
      "dependencies": [
        "ms"
      ]
    },
    "decompress-response@6.0.0": {
      "integrity": "sha512-aW35yZM6Bb/4oJlZncMH2LCoZtJXTRxES17vE3hoRiowU2kWHaJKFkSBDnDR+cm9J+9QhXmREyIfv0pji9ejCQ==",
      "dependencies": [
        "mimic-response@3.1.0"
      ]
    },
    "defer-to-connect@2.0.1": {
      "integrity": "sha512-4tvttepXG1VaYGrRibk5EwJd1t4udunSOVMdLSAL6mId1ix438oPwPZMALY41FCijukO1L0twNcGsdzS7dHgDg=="
    },
    "emoji-regex@8.0.0": {
      "integrity": "sha512-MSjYzcWNOA0ewAHpz0MxpYFvwg6yjy1NG3xteoqz644VCo/RPgnr1/GGt+ic3iJTzQ8Eu3TdM14SawnVUmGE6A=="
    },
    "end-of-stream@1.4.5": {
      "integrity": "sha512-ooEGc6HP26xXq/N+GCGOT0JKCLDGrq2bQUZrQ7gyrJiZANJ/8YDTxTpQBXGMn+WbIQXNVpyWymm7KYVICQnyOg==",
      "dependencies": [
        "once"
      ]
    },
    "escalade@3.2.0": {
      "integrity": "sha512-WUj2qlxaQtO4g6Pq5c29GTcWGDyd8itL8zTlipgECz3JesAiiOKotd8JU6otB3PACgG6xkJUyVhboMS+bje/jA=="
    },
    "eventemitter3@5.0.1": {
      "integrity": "sha512-GWkBvjiSZK87ELrYOSESUYeVIc9mvLLf/nXalMOS5dYrgZq9o5OVkbZAVM06CVxYsCwH9BDZFPlQTlPA1j4ahA=="
    },
    "extract-zip@2.0.1": {
      "integrity": "sha512-GDhU9ntwuKyGXdZBUgTIe+vXnWj0fppUEtMDL0+idd5Sta8TGpHssn/eusA9mrPr9qNDym6SxAYZjNvCn/9RBg==",
      "dependencies": [
        "debug",
        "get-stream@5.2.0",
        "yauzl"
      ],
      "optionalDependencies": [
        "@types/yauzl"
      ],
      "bin": true
    },
    "fd-slicer@1.1.0": {
      "integrity": "sha512-cE1qsB/VwyQozZ+q1dGxR8LBYNZeofhEdUNGSMbQD3Gw2lAzX9Zb3uIU6Ebc/Fmyjo9AWWfnn0AUCHqtevs/8g==",
      "dependencies": [
        "pend"
      ]
    },
    "form-data-encoder@2.1.4": {
      "integrity": "sha512-yDYSgNMraqvnxiEXO4hi88+YZxaHC6QKzb5N84iRCTDeRO7ZALpir/lVmf/uXUhnwUr2O4HU8s/n6x+yNjQkHw=="
    },
    "fsevents@2.3.2": {
      "integrity": "sha512-xiqMQR4xAeHTuB9uWm+fFRcIOgKBMiOBP+eXiyT7jsgVCq1bkVygt00oASowB7EdtpOHaaPgKt812P9ab+DDKA==",
      "os": ["darwin"],
      "scripts": true
    },
    "get-caller-file@2.0.5": {
      "integrity": "sha512-DyFP3BM/3YHTQOCUL/w0OZHR0lpKeGrxotcHWcqNEdnltqFwXVfhEBQ94eIo34AfQpo0rGki4cyIiftY06h2Fg=="
    },
    "get-stream@5.2.0": {
      "integrity": "sha512-nBF+F1rAZVCu/p7rjzgA+Yb4lfYXrpl7a6VmJrU8wF9I1CKvP/QwPNZHnOlwbTkY6dvtFIzFMSyQXbLoTQPRpA==",
      "dependencies": [
        "pump"
      ]
    },
    "get-stream@6.0.1": {
      "integrity": "sha512-ts6Wi+2j3jQjqi70w5AlN8DFnkSwC+MqmxEzdEALB2qXZYV3X/b1CTfgPLGJNMeAWxdPfU8FO1ms3NUfaHCPYg=="
    },
    "got@13.0.0": {
      "integrity": "sha512-XfBk1CxOOScDcMr9O1yKkNaQyy865NbYs+F7dr4H0LZMVgCj2Le59k6PqbNHoL5ToeaEQUYh6c6yMfVcc6SJxA==",
      "dependencies": [
        "@sindresorhus/is",
        "@szmarczak/http-timer",
        "cacheable-lookup",
        "cacheable-request",
        "decompress-response",
        "form-data-encoder",
        "get-stream@6.0.1",
        "http2-wrapper",
        "lowercase-keys",
        "p-cancelable",
        "responselike"
      ]
    },
    "http-cache-semantics@4.2.0": {
      "integrity": "sha512-dTxcvPXqPvXBQpq5dUr6mEMJX4oIEFv6bwom3FDwKRDsuIjjJGANqhBuoAn9c1RQJIdAKav33ED65E2ys+87QQ=="
    },
    "http2-wrapper@2.2.1": {
      "integrity": "sha512-V5nVw1PAOgfI3Lmeaj2Exmeg7fenjhRUgz1lPSezy1CuhPYbgQtbQj4jZfEAEMlaL+vupsvhjqCyjzob0yxsmQ==",
      "dependencies": [
        "quick-lru",
        "resolve-alpn"
      ]
    },
    "is-fullwidth-code-point@3.0.0": {
      "integrity": "sha512-zymm5+u+sCsSWyD9qNaejV3DFvhCKclKdizYaJUuHA83RLjb7nSuGnddCHGv0hk+KY7BMAlsWeK4Ueg6EV6XQg=="
    },
    "isomorphic-ws@5.0.0_ws@8.18.3": {
      "integrity": "sha512-muId7Zzn9ywDsyXgTIafTry2sV3nySZeUDe6YedVd1Hvuuep5AsIlqK+XefWpYTyJG5e503F2xIuT2lcU6rCSw==",
      "dependencies": [
        "ws"
      ]
    },
    "json-buffer@3.0.1": {
      "integrity": "sha512-4bV5BfR2mqfQTJm+V5tPPdf+ZpuhiIvTuAB5g8kcrXOZpTT/QwwVRWBywX1ozr6lEuPdbHxwaJlm9G6mI2sfSQ=="
    },
    "keyv@4.5.4": {
      "integrity": "sha512-oxVHkHR/EJf2CNXnWxRLW6mg7JyCCUcG0DtEGmL2ctUo1PNTin1PUil+r/+4r5MpVgC/fn1kjsx7mjSujKqIpw==",
      "dependencies": [
        "json-buffer"
      ]
    },
    "lowercase-keys@3.0.0": {
      "integrity": "sha512-ozCC6gdQ+glXOQsveKD0YsDy8DSQFjDTz4zyzEHNV5+JP5D62LmfDZ6o1cycFx9ouG940M5dE8C8CTewdj2YWQ=="
    },
    "mimic-response@3.1.0": {
      "integrity": "sha512-z0yWI+4FDrrweS8Zmt4Ej5HdJmky15+L2e6Wgn3+iK5fWzb6T3fhNFq2+MeTRb064c6Wr4N/wv0DzQTjNzHNGQ=="
    },
    "mimic-response@4.0.0": {
      "integrity": "sha512-e5ISH9xMYU0DzrT+jl8q2ze9D6eWBto+I8CNpe+VI+K2J/F/k3PdkdTdz4wvGVH4NTpo+NRYTVIuMQEMMcsLqg=="
    },
    "ms@2.1.3": {
      "integrity": "sha512-6FlzubTLZG3J2a/NVCAleEhjzq5oxgHyaCU9yYXvcLsvoVaHJq/s5xXI6/XXP6tz7R9xAOtHnSO/tXtF3WRTlA=="
    },
    "multi-progress@4.0.0_progress@2.0.3": {
      "integrity": "sha512-9zcjyOou3FFCKPXsmkbC3ethv51SFPoA4dJD6TscIp2pUmy26kBDZW6h9XofPELrzseSkuD7r0V+emGEeo39Pg==",
      "dependencies": [
        "progress"
      ]
    },
    "normalize-url@8.0.2": {
      "integrity": "sha512-Ee/R3SyN4BuynXcnTaekmaVdbDAEiNrHqjQIA37mHU8G9pf7aaAD4ZX3XjBLo6rsdcxA/gtkcNYZLt30ACgynw=="
    },
    "obs-websocket-js@5.0.6_ws@8.18.3": {
      "integrity": "sha512-tHRq8py1XrdlMhSV+N/KTGHqoRIcsBBXbjcA9ex21k128iQ7YXjxzNWs3s9gidP1tEcIyVuJu8FnPgrSBWGm0Q==",
      "dependencies": [
        "@msgpack/msgpack",
        "crypto-js",
        "debug",
        "eventemitter3",
        "isomorphic-ws",
        "type-fest",
        "ws"
      ]
    },
    "once@1.4.0": {
      "integrity": "sha512-lNaJgI+2Q5URQBkccEKHTQOPaXdUxnZZElQTZY0MFUAuaEqe1E+Nyvgdz/aIyNi6Z9MzO5dv1H8n58/GELp3+w==",
      "dependencies": [
        "wrappy"
      ]
    },
    "p-cancelable@3.0.0": {
      "integrity": "sha512-mlVgR3PGuzlo0MmTdk4cXqXWlwQDLnONTAg6sm62XkMJEiRxN3GL3SffkYvqwonbkJBcrI7Uvv5Zh9yjvn2iUw=="
    },
    "patchright-core@1.52.5": {
      "integrity": "sha512-8rnLVEK9jDZWzFPy2hCQrp4xhU7zgE8IqseZyjGkgxf+jpAWTuGNgIAlcsKZMfQrDL8j1mZgRIGNAQT00nk6QA==",
      "bin": true
    },
    "patchright@1.52.5": {
      "integrity": "sha512-wmRpsF9n02j0S+YDk0U3ouuWipHbUowwxbf/4K4G9ng311vvugoo8WndbU/fCsGtme8gYNfcEGcpfF6/L1NXHg==",
      "dependencies": [
        "patchright-core"
      ],
      "optionalDependencies": [
        "fsevents"
      ],
      "bin": true
    },
    "pend@1.2.0": {
      "integrity": "sha512-F3asv42UuXchdzt+xXqfW1OGlVBe+mxa2mqI0pg5yAHZPvFmY3Y6drSf/GQ1A86WgWEN9Kzh/WrgKa6iGcHXLg=="
    },
    "progress@2.0.3": {
      "integrity": "sha512-7PiHtLll5LdnKIMw100I+8xJXR5gW2QwWYkT6iJva0bXitZKa/XMrSbdmg3r2Xnaidz9Qumd0VPaMrZlF9V9sA=="
    },
    "pump@3.0.3": {
      "integrity": "sha512-todwxLMY7/heScKmntwQG8CXVkWUOdYxIvY2s0VWAAMh/nd8SoYiRaKjlr7+iCs984f2P8zvrfWcDDYVb73NfA==",
      "dependencies": [
        "end-of-stream",
        "once"
      ]
    },
    "quick-lru@5.1.1": {
      "integrity": "sha512-WuyALRjWPDGtt/wzJiadO5AXY+8hZ80hVpe6MyivgraREW751X3SbhRvG3eLKOYN+8VEvqLcf3wdnt44Z4S4SA=="
    },
    "require-directory@2.1.1": {
      "integrity": "sha512-fGxEI7+wsG9xrvdjsrlmL22OMTTiHRwAMroiEeMgq8gzoLC/PQr7RsRDSTLUg/bZAZtF+TVIkHc6/4RIKrui+Q=="
    },
    "resolve-alpn@1.2.1": {
      "integrity": "sha512-0a1F4l73/ZFZOakJnQ3FvkJ2+gSTQWz/r2KE5OdDY0TxPm5h4GkqkWWfM47T7HsbnOtcJVEF4epCVy6u7Q3K+g=="
    },
    "responselike@3.0.0": {
      "integrity": "sha512-40yHxbNcl2+rzXvZuVkrYohathsSJlMTXKryG5y8uciHv1+xDLHQpgjG64JUO9nrEq2jGLH6IZ8BcZyw3wrweg==",
      "dependencies": [
        "lowercase-keys"
      ]
    },
    "string-width@4.2.3": {
      "integrity": "sha512-wKyQRQpjJ0sIp62ErSZdGsjMJWsap5oRNihHhu6G7JVO/9jIB6UyevL+tXuOqrng8j/cxKTWyWUwvSTriiZz/g==",
      "dependencies": [
        "emoji-regex",
        "is-fullwidth-code-point",
        "strip-ansi"
      ]
    },
    "strip-ansi@6.0.1": {
      "integrity": "sha512-Y38VPSHcqkFrCpFnQ9vuSXmquuv5oXOKpGeT6aGrr3o3Gc9AlVa6JBfUSOCnbxGGZF+/0ooI7KrPuUSztUdU5A==",
      "dependencies": [
        "ansi-regex"
      ]
    },
    "type-fest@3.13.1": {
      "integrity": "sha512-tLq3bSNx+xSpwvAJnzrK0Ep5CLNWjvFTOp71URMaAEWBfRb9nnJiBoUe0tF8bI4ZFO3omgBR6NvnbzVUT3Ly4g=="
    },
    "undici-types@6.21.0": {
      "integrity": "sha512-iwDZqg0QAGrg9Rav5H4n0M64c3mkR59cJ6wQp+7C4nI0gsmExaedaYLNO44eT4AtBBwjbTiGPMlt2Md0T9H9JQ=="
    },
    "wrap-ansi@7.0.0": {
      "integrity": "sha512-YVGIj2kamLSTxw6NsZjoBxfSwsn0ycdesmc4p+Q21c5zPuZ1pl+NfxVdxPtdHvmNVOQ6XSYG4AUtyt/Fi7D16Q==",
      "dependencies": [
        "ansi-styles",
        "string-width",
        "strip-ansi"
      ]
    },
    "wrappy@1.0.2": {
      "integrity": "sha512-l4Sp/DRseor9wL6EvV2+TuQn63dMkPjZ/sp9XkghTEbV9KlPS1xUsZ3u7/IQO4wxtcFB4bgpQPRcR3QCvezPcQ=="
    },
    "ws@8.18.3": {
      "integrity": "sha512-PEIGCY5tSlUt50cqyMXfCzX+oOPqN0vuGqWzbcJ2xvnkzkq46oOpz7dQaTDBdfICb4N14+GARUDw2XV2N4tvzg=="
    },
    "y18n@5.0.8": {
      "integrity": "sha512-0pfFzegeDWJHJIAmTLRP2DwHjdF5s7jo9tuztdQxAhINCdvS+3nGINqPd00AphqJR/0LhANUS6/+7SCb98YOfA=="
    },
    "yargs-parser@21.1.1": {
      "integrity": "sha512-tVpsJW7DdjecAiFpbIB1e3qxIQsE6NoPc5/eTdrbbIC4h0LVsWhnoa3g+m2HclBIujHzsxZ4VJVA+GUuc2/LBw=="
    },
    "yargs@17.7.2": {
      "integrity": "sha512-7dSzzRQ++CKnNI/krKnYRV7JKKPUXMEh61soaHKg9mrWEhzFWhFnxPxGl+69cD1Ou63C13NUPCnmIcrvqCuM6w==",
      "dependencies": [
        "cliui",
        "escalade",
        "get-caller-file",
        "require-directory",
        "string-width",
        "y18n",
        "yargs-parser"
      ]
    },
    "yauzl@2.10.0": {
      "integrity": "sha512-p4a9I6X6nu6IhoGmBqAcbJy1mlC4j27vEPZX9F4L4/vZT3Lyq1VkFHw/V/PUcB9Buo+DG3iHkT0x3Qya58zc3g==",
      "dependencies": [
        "buffer-crc32",
        "fd-slicer"
      ]
    }
  },
  "workspace": {
    "dependencies": [
      "jsr:@404wolf/xdg-portable@0.1",
      "jsr:@cliffy/ansi@^1.0.0-rc.8",
      "jsr:@cliffy/command@^1.0.0-rc.8",
      "jsr:@david/dax@~0.43.2",
      "jsr:@std/path@^1.1.1",
      "npm:@napi-rs/keyring@^1.1.8",
      "npm:patchright@^1.52.5"
    ]
  }
}
